
Microsoft Visual Studio Solution File, Format Version 11.00
# Visual Studio 2010
Project("{8BC9CEB8-8B4A-11D0-8D11-00A0C91BC942}") = "WirelessT", "WirelessT.vcxproj", "{610E1994-0B57-407B-9C70-2DDAFF6744C1}"
EndProject
Project("{8BC9CEB8-8B4A-11D0-8D11-00A0C91BC942}") = "WF_Device", "..\..\..\WF_Device\WF_Device.vcxproj", "{90B86704-708E-4979-BE79-BAC2870D5B98}"
EndProject
Project("{8BC9CEB8-8B4A-11D0-8D11-00A0C91BC942}") = "ShouChi", "ShouChi\ShouChi.vcxproj", "{33B98ED8-5143-433D-8FB8-A2B6A252F285}"
EndProject
Project("{FAE04EC0-301F-11D3-BF4B-00C04F79EFBC}") = "手持设备上位机", "..\手持设备上位机\手持设备上位机.csproj", "{038E7C15-A397-47A9-AEBC-EF693CD2B477}"
EndProject
Project("{54435603-DBB4-11D2-8724-00A0C9A8B90C}") = "手持设备上位机安装", "..\手持设备上位机\手持设备上位机安装\手持设备上位机安装.vdproj", "{12C8C561-2C02-465E-AC49-6D5ADBCB8CD8}"
EndProject
Project("{FAE04EC0-301F-11D3-BF4B-00C04F79EFBC}") = "设定设备ID", "..\设定设备ID\设定设备ID.csproj", "{C9DF6B6A-1DD8-4E0E-A746-9B34344F0C55}"
EndProject
Project("{FAE04EC0-301F-11D3-BF4B-00C04F79EFBC}") = "WFNetLib40", "..\..\..\WFLib\WFNetLib\WFNetLib40.csproj", "{FF8FFA8D-5A95-4BCE-877D-00DF5076A2F4}"
EndProject
Global
	GlobalSection(TeamFoundationVersionControl) = preSolution
		SccNumberOfProjects = 8
		SccEnterpriseProvider = {4CA58AB2-18FA-4F8D-95D4-32DDF27D184C}
		SccTeamFoundationServer = https://tfs.codeplex.com/tfs/tfs33
		SccLocalPath0 = .
		SccProjectUniqueName1 = WirelessT.vcxproj
		SccLocalPath1 = .
		SccProjectUniqueName2 = ..\\..\\..\\WF_Device\\WF_Device.vcxproj
		SccProjectName2 = ../../../WF_Device
		SccLocalPath2 = ..\\..\\..\\WF_Device
		SccProjectUniqueName3 = ShouChi\\ShouChi.vcxproj
		SccProjectName3 = ShouChi
		SccLocalPath3 = ShouChi
		SccProjectUniqueName4 = ..\\手持设备上位机\\手持设备上位机.csproj
		SccProjectName4 = ../手持设备上位机
		SccLocalPath4 = ..\\手持设备上位机
		SccProjectUniqueName5 = ..\\手持设备上位机\\手持设备上位机安装\\手持设备上位机安装.vdproj
		SccProjectName5 = ../手持设备上位机/手持设备上位机安装
		SccLocalPath5 = ..\\手持设备上位机\\手持设备上位机安装
		SccProjectUniqueName6 = ..\\设定设备ID\\设定设备ID.csproj
		SccProjectName6 = ../设定设备ID
		SccLocalPath6 = ..\\设定设备ID
		SccProjectUniqueName7 = ..\\..\\..\\..\\AllNet\\WFNetLib40\\WFNetLib40.csproj
		SccProjectName7 = ../../../../AllNet/WFNetLib40
		SccLocalPath7 = ..\\..\\..\\..\\AllNet\\WFNetLib40
	EndGlobalSection
	GlobalSection(SolutionConfigurationPlatforms) = preSolution
		2.0|Any CPU = 2.0|Any CPU
		2.0|Mixed Platforms = 2.0|Mixed Platforms
		2.0|Win32 = 2.0|Win32
		2.0|x86 = 2.0|x86
		Debug|Any CPU = Debug|Any CPU
		Debug|Mixed Platforms = Debug|Mixed Platforms
		Debug|Win32 = Debug|Win32
		Debug|x86 = Debug|x86
		NET35|Any CPU = NET35|Any CPU
		NET35|Mixed Platforms = NET35|Mixed Platforms
		NET35|Win32 = NET35|Win32
		NET35|x86 = NET35|x86
		OffLine|Any CPU = OffLine|Any CPU
		OffLine|Mixed Platforms = OffLine|Mixed Platforms
		OffLine|Win32 = OffLine|Win32
		OffLine|x86 = OffLine|x86
		Release|Any CPU = Release|Any CPU
		Release|Mixed Platforms = Release|Mixed Platforms
		Release|Win32 = Release|Win32
		Release|x86 = Release|x86
	EndGlobalSection
	GlobalSection(ProjectConfigurationPlatforms) = postSolution
		{610E1994-0B57-407B-9C70-2DDAFF6744C1}.2.0|Any CPU.ActiveCfg = 2.0|Win32
		{610E1994-0B57-407B-9C70-2DDAFF6744C1}.2.0|Mixed Platforms.ActiveCfg = 2.0|Win32
		{610E1994-0B57-407B-9C70-2DDAFF6744C1}.2.0|Mixed Platforms.Build.0 = 2.0|Win32
		{610E1994-0B57-407B-9C70-2DDAFF6744C1}.2.0|Win32.ActiveCfg = 2.0|Win32
		{610E1994-0B57-407B-9C70-2DDAFF6744C1}.2.0|x86.ActiveCfg = 2.0|Win32
		{610E1994-0B57-407B-9C70-2DDAFF6744C1}.Debug|Any CPU.ActiveCfg = Debug|Win32
		{610E1994-0B57-407B-9C70-2DDAFF6744C1}.Debug|Mixed Platforms.ActiveCfg = Debug|Win32
		{610E1994-0B57-407B-9C70-2DDAFF6744C1}.Debug|Win32.ActiveCfg = Debug|Win32
		{610E1994-0B57-407B-9C70-2DDAFF6744C1}.Debug|x86.ActiveCfg = Debug|Win32
		{610E1994-0B57-407B-9C70-2DDAFF6744C1}.NET35|Any CPU.ActiveCfg = Release|Win32
		{610E1994-0B57-407B-9C70-2DDAFF6744C1}.NET35|Mixed Platforms.ActiveCfg = Release|Win32
		{610E1994-0B57-407B-9C70-2DDAFF6744C1}.NET35|Mixed Platforms.Build.0 = Release|Win32
		{610E1994-0B57-407B-9C70-2DDAFF6744C1}.NET35|Win32.ActiveCfg = Release|Win32
		{610E1994-0B57-407B-9C70-2DDAFF6744C1}.NET35|Win32.Build.0 = Release|Win32
		{610E1994-0B57-407B-9C70-2DDAFF6744C1}.NET35|x86.ActiveCfg = Release|Win32
		{610E1994-0B57-407B-9C70-2DDAFF6744C1}.OffLine|Any CPU.ActiveCfg = Release|Win32
		{610E1994-0B57-407B-9C70-2DDAFF6744C1}.OffLine|Mixed Platforms.ActiveCfg = Release|Win32
		{610E1994-0B57-407B-9C70-2DDAFF6744C1}.OffLine|Mixed Platforms.Build.0 = Release|Win32
		{610E1994-0B57-407B-9C70-2DDAFF6744C1}.OffLine|Win32.ActiveCfg = Release|Win32
		{610E1994-0B57-407B-9C70-2DDAFF6744C1}.OffLine|Win32.Build.0 = Release|Win32
		{610E1994-0B57-407B-9C70-2DDAFF6744C1}.OffLine|x86.ActiveCfg = Release|Win32
		{610E1994-0B57-407B-9C70-2DDAFF6744C1}.Release|Any CPU.ActiveCfg = Release|Win32
		{610E1994-0B57-407B-9C70-2DDAFF6744C1}.Release|Mixed Platforms.ActiveCfg = Release|Win32
		{610E1994-0B57-407B-9C70-2DDAFF6744C1}.Release|Mixed Platforms.Build.0 = Release|Win32
		{610E1994-0B57-407B-9C70-2DDAFF6744C1}.Release|Win32.ActiveCfg = Release|Win32
		{610E1994-0B57-407B-9C70-2DDAFF6744C1}.Release|Win32.Build.0 = Release|Win32
		{610E1994-0B57-407B-9C70-2DDAFF6744C1}.Release|x86.ActiveCfg = Release|Win32
		{90B86704-708E-4979-BE79-BAC2870D5B98}.2.0|Any CPU.ActiveCfg = 2.0|Win32
		{90B86704-708E-4979-BE79-BAC2870D5B98}.2.0|Mixed Platforms.ActiveCfg = 2.0|Win32
		{90B86704-708E-4979-BE79-BAC2870D5B98}.2.0|Mixed Platforms.Build.0 = 2.0|Win32
		{90B86704-708E-4979-BE79-BAC2870D5B98}.2.0|Win32.ActiveCfg = 2.0|Win32
		{90B86704-708E-4979-BE79-BAC2870D5B98}.2.0|x86.ActiveCfg = 2.0|Win32
		{90B86704-708E-4979-BE79-BAC2870D5B98}.Debug|Any CPU.ActiveCfg = Debug|Win32
		{90B86704-708E-4979-BE79-BAC2870D5B98}.Debug|Mixed Platforms.ActiveCfg = Debug|Win32
		{90B86704-708E-4979-BE79-BAC2870D5B98}.Debug|Win32.ActiveCfg = Debug|Win32
		{90B86704-708E-4979-BE79-BAC2870D5B98}.Debug|x86.ActiveCfg = Debug|Win32
		{90B86704-708E-4979-BE79-BAC2870D5B98}.NET35|Any CPU.ActiveCfg = Release|Win32
		{90B86704-708E-4979-BE79-BAC2870D5B98}.NET35|Mixed Platforms.ActiveCfg = Release|Win32
		{90B86704-708E-4979-BE79-BAC2870D5B98}.NET35|Mixed Platforms.Build.0 = Release|Win32
		{90B86704-708E-4979-BE79-BAC2870D5B98}.NET35|Win32.ActiveCfg = Release|Win32
		{90B86704-708E-4979-BE79-BAC2870D5B98}.NET35|Win32.Build.0 = Release|Win32
		{90B86704-708E-4979-BE79-BAC2870D5B98}.NET35|x86.ActiveCfg = Release|Win32
		{90B86704-708E-4979-BE79-BAC2870D5B98}.OffLine|Any CPU.ActiveCfg = Release|Win32
		{90B86704-708E-4979-BE79-BAC2870D5B98}.OffLine|Mixed Platforms.ActiveCfg = Release|Win32
		{90B86704-708E-4979-BE79-BAC2870D5B98}.OffLine|Mixed Platforms.Build.0 = Release|Win32
		{90B86704-708E-4979-BE79-BAC2870D5B98}.OffLine|Win32.ActiveCfg = Release|Win32
		{90B86704-708E-4979-BE79-BAC2870D5B98}.OffLine|Win32.Build.0 = Release|Win32
		{90B86704-708E-4979-BE79-BAC2870D5B98}.OffLine|x86.ActiveCfg = Release|Win32
		{90B86704-708E-4979-BE79-BAC2870D5B98}.Release|Any CPU.ActiveCfg = Release|Win32
		{90B86704-708E-4979-BE79-BAC2870D5B98}.Release|Mixed Platforms.ActiveCfg = Release|Win32
		{90B86704-708E-4979-BE79-BAC2870D5B98}.Release|Mixed Platforms.Build.0 = Release|Win32
		{90B86704-708E-4979-BE79-BAC2870D5B98}.Release|Win32.ActiveCfg = Release|Win32
		{90B86704-708E-4979-BE79-BAC2870D5B98}.Release|Win32.Build.0 = Release|Win32
		{90B86704-708E-4979-BE79-BAC2870D5B98}.Release|x86.ActiveCfg = Release|Win32
		{33B98ED8-5143-433D-8FB8-A2B6A252F285}.2.0|Any CPU.ActiveCfg = 2.0|Win32
		{33B98ED8-5143-433D-8FB8-A2B6A252F285}.2.0|Mixed Platforms.ActiveCfg = 2.0|Win32
		{33B98ED8-5143-433D-8FB8-A2B6A252F285}.2.0|Mixed Platforms.Build.0 = 2.0|Win32
		{33B98ED8-5143-433D-8FB8-A2B6A252F285}.2.0|Win32.ActiveCfg = 2.0|Win32
		{33B98ED8-5143-433D-8FB8-A2B6A252F285}.2.0|x86.ActiveCfg = 2.0|Win32
		{33B98ED8-5143-433D-8FB8-A2B6A252F285}.Debug|Any CPU.ActiveCfg = Debug|Win32
		{33B98ED8-5143-433D-8FB8-A2B6A252F285}.Debug|Mixed Platforms.ActiveCfg = Debug|Win32
		{33B98ED8-5143-433D-8FB8-A2B6A252F285}.Debug|Win32.ActiveCfg = Debug|Win32
		{33B98ED8-5143-433D-8FB8-A2B6A252F285}.Debug|x86.ActiveCfg = Debug|Win32
		{33B98ED8-5143-433D-8FB8-A2B6A252F285}.NET35|Any CPU.ActiveCfg = Release|Win32
		{33B98ED8-5143-433D-8FB8-A2B6A252F285}.NET35|Mixed Platforms.ActiveCfg = Release|Win32
		{33B98ED8-5143-433D-8FB8-A2B6A252F285}.NET35|Mixed Platforms.Build.0 = Release|Win32
		{33B98ED8-5143-433D-8FB8-A2B6A252F285}.NET35|Win32.ActiveCfg = Release|Win32
		{33B98ED8-5143-433D-8FB8-A2B6A252F285}.NET35|Win32.Build.0 = Release|Win32
		{33B98ED8-5143-433D-8FB8-A2B6A252F285}.NET35|x86.ActiveCfg = Release|Win32
		{33B98ED8-5143-433D-8FB8-A2B6A252F285}.OffLine|Any CPU.ActiveCfg = Release|Win32
		{33B98ED8-5143-433D-8FB8-A2B6A252F285}.OffLine|Mixed Platforms.ActiveCfg = Release|Win32
		{33B98ED8-5143-433D-8FB8-A2B6A252F285}.OffLine|Mixed Platforms.Build.0 = Release|Win32
		{33B98ED8-5143-433D-8FB8-A2B6A252F285}.OffLine|Win32.ActiveCfg = Release|Win32
		{33B98ED8-5143-433D-8FB8-A2B6A252F285}.OffLine|Win32.Build.0 = Release|Win32
		{33B98ED8-5143-433D-8FB8-A2B6A252F285}.OffLine|x86.ActiveCfg = Release|Win32
		{33B98ED8-5143-433D-8FB8-A2B6A252F285}.Release|Any CPU.ActiveCfg = Release|Win32
		{33B98ED8-5143-433D-8FB8-A2B6A252F285}.Release|Mixed Platforms.ActiveCfg = Release|Win32
		{33B98ED8-5143-433D-8FB8-A2B6A252F285}.Release|Mixed Platforms.Build.0 = Release|Win32
		{33B98ED8-5143-433D-8FB8-A2B6A252F285}.Release|Win32.ActiveCfg = Release|Win32
		{33B98ED8-5143-433D-8FB8-A2B6A252F285}.Release|Win32.Build.0 = Release|Win32
		{33B98ED8-5143-433D-8FB8-A2B6A252F285}.Release|x86.ActiveCfg = Release|Win32
		{038E7C15-A397-47A9-AEBC-EF693CD2B477}.2.0|Any CPU.ActiveCfg = 2.0|x86
		{038E7C15-A397-47A9-AEBC-EF693CD2B477}.2.0|Any CPU.Build.0 = 2.0|x86
		{038E7C15-A397-47A9-AEBC-EF693CD2B477}.2.0|Mixed Platforms.ActiveCfg = 2.0|x86
		{038E7C15-A397-47A9-AEBC-EF693CD2B477}.2.0|Mixed Platforms.Build.0 = 2.0|x86
		{038E7C15-A397-47A9-AEBC-EF693CD2B477}.2.0|Win32.ActiveCfg = 2.0|x86
		{038E7C15-A397-47A9-AEBC-EF693CD2B477}.2.0|Win32.Build.0 = 2.0|x86
		{038E7C15-A397-47A9-AEBC-EF693CD2B477}.2.0|x86.ActiveCfg = 2.0|x86
		{038E7C15-A397-47A9-AEBC-EF693CD2B477}.2.0|x86.Build.0 = 2.0|x86
		{038E7C15-A397-47A9-AEBC-EF693CD2B477}.Debug|Any CPU.ActiveCfg = Debug|x86
		{038E7C15-A397-47A9-AEBC-EF693CD2B477}.Debug|Mixed Platforms.ActiveCfg = Debug|x86
		{038E7C15-A397-47A9-AEBC-EF693CD2B477}.Debug|Mixed Platforms.Build.0 = Debug|x86
		{038E7C15-A397-47A9-AEBC-EF693CD2B477}.Debug|Win32.ActiveCfg = Debug|x86
		{038E7C15-A397-47A9-AEBC-EF693CD2B477}.Debug|Win32.Build.0 = Debug|x86
		{038E7C15-A397-47A9-AEBC-EF693CD2B477}.Debug|x86.ActiveCfg = Debug|x86
		{038E7C15-A397-47A9-AEBC-EF693CD2B477}.Debug|x86.Build.0 = Debug|x86
		{038E7C15-A397-47A9-AEBC-EF693CD2B477}.NET35|Any CPU.ActiveCfg = 2.0|x86
		{038E7C15-A397-47A9-AEBC-EF693CD2B477}.NET35|Mixed Platforms.ActiveCfg = 2.0|x86
		{038E7C15-A397-47A9-AEBC-EF693CD2B477}.NET35|Mixed Platforms.Build.0 = 2.0|x86
		{038E7C15-A397-47A9-AEBC-EF693CD2B477}.NET35|Win32.ActiveCfg = 2.0|x86
		{038E7C15-A397-47A9-AEBC-EF693CD2B477}.NET35|x86.ActiveCfg = 2.0|x86
		{038E7C15-A397-47A9-AEBC-EF693CD2B477}.NET35|x86.Build.0 = 2.0|x86
		{038E7C15-A397-47A9-AEBC-EF693CD2B477}.OffLine|Any CPU.ActiveCfg = 2.0|x86
		{038E7C15-A397-47A9-AEBC-EF693CD2B477}.OffLine|Mixed Platforms.ActiveCfg = 2.0|x86
		{038E7C15-A397-47A9-AEBC-EF693CD2B477}.OffLine|Mixed Platforms.Build.0 = 2.0|x86
		{038E7C15-A397-47A9-AEBC-EF693CD2B477}.OffLine|Win32.ActiveCfg = 2.0|x86
		{038E7C15-A397-47A9-AEBC-EF693CD2B477}.OffLine|x86.ActiveCfg = 2.0|x86
		{038E7C15-A397-47A9-AEBC-EF693CD2B477}.OffLine|x86.Build.0 = 2.0|x86
		{038E7C15-A397-47A9-AEBC-EF693CD2B477}.Release|Any CPU.ActiveCfg = Release|x86
		{038E7C15-A397-47A9-AEBC-EF693CD2B477}.Release|Mixed Platforms.ActiveCfg = Release|x86
		{038E7C15-A397-47A9-AEBC-EF693CD2B477}.Release|Mixed Platforms.Build.0 = Release|x86
		{038E7C15-A397-47A9-AEBC-EF693CD2B477}.Release|Win32.ActiveCfg = Release|x86
		{038E7C15-A397-47A9-AEBC-EF693CD2B477}.Release|x86.ActiveCfg = Release|x86
		{038E7C15-A397-47A9-AEBC-EF693CD2B477}.Release|x86.Build.0 = Release|x86
		{12C8C561-2C02-465E-AC49-6D5ADBCB8CD8}.2.0|Any CPU.ActiveCfg = Release
		{12C8C561-2C02-465E-AC49-6D5ADBCB8CD8}.2.0|Mixed Platforms.ActiveCfg = Release
		{12C8C561-2C02-465E-AC49-6D5ADBCB8CD8}.2.0|Win32.ActiveCfg = Release
		{12C8C561-2C02-465E-AC49-6D5ADBCB8CD8}.2.0|x86.ActiveCfg = Release
		{12C8C561-2C02-465E-AC49-6D5ADBCB8CD8}.Debug|Any CPU.ActiveCfg = Debug
		{12C8C561-2C02-465E-AC49-6D5ADBCB8CD8}.Debug|Any CPU.Build.0 = Debug
		{12C8C561-2C02-465E-AC49-6D5ADBCB8CD8}.Debug|Mixed Platforms.ActiveCfg = Debug
		{12C8C561-2C02-465E-AC49-6D5ADBCB8CD8}.Debug|Win32.ActiveCfg = Debug
		{12C8C561-2C02-465E-AC49-6D5ADBCB8CD8}.Debug|x86.ActiveCfg = Debug
		{12C8C561-2C02-465E-AC49-6D5ADBCB8CD8}.NET35|Any CPU.ActiveCfg = Release
		{12C8C561-2C02-465E-AC49-6D5ADBCB8CD8}.NET35|Any CPU.Build.0 = Release
		{12C8C561-2C02-465E-AC49-6D5ADBCB8CD8}.NET35|Mixed Platforms.ActiveCfg = Release
		{12C8C561-2C02-465E-AC49-6D5ADBCB8CD8}.NET35|Mixed Platforms.Build.0 = Release
		{12C8C561-2C02-465E-AC49-6D5ADBCB8CD8}.NET35|Win32.ActiveCfg = Release
		{12C8C561-2C02-465E-AC49-6D5ADBCB8CD8}.NET35|Win32.Build.0 = Release
		{12C8C561-2C02-465E-AC49-6D5ADBCB8CD8}.NET35|x86.ActiveCfg = Release
		{12C8C561-2C02-465E-AC49-6D5ADBCB8CD8}.NET35|x86.Build.0 = Release
		{12C8C561-2C02-465E-AC49-6D5ADBCB8CD8}.OffLine|Any CPU.ActiveCfg = Release
		{12C8C561-2C02-465E-AC49-6D5ADBCB8CD8}.OffLine|Any CPU.Build.0 = Release
		{12C8C561-2C02-465E-AC49-6D5ADBCB8CD8}.OffLine|Mixed Platforms.ActiveCfg = Release
		{12C8C561-2C02-465E-AC49-6D5ADBCB8CD8}.OffLine|Mixed Platforms.Build.0 = Release
		{12C8C561-2C02-465E-AC49-6D5ADBCB8CD8}.OffLine|Win32.ActiveCfg = Release
		{12C8C561-2C02-465E-AC49-6D5ADBCB8CD8}.OffLine|Win32.Build.0 = Release
		{12C8C561-2C02-465E-AC49-6D5ADBCB8CD8}.OffLine|x86.ActiveCfg = Release
		{12C8C561-2C02-465E-AC49-6D5ADBCB8CD8}.OffLine|x86.Build.0 = Release
		{12C8C561-2C02-465E-AC49-6D5ADBCB8CD8}.Release|Any CPU.ActiveCfg = Release
		{12C8C561-2C02-465E-AC49-6D5ADBCB8CD8}.Release|Any CPU.Build.0 = Release
		{12C8C561-2C02-465E-AC49-6D5ADBCB8CD8}.Release|Mixed Platforms.ActiveCfg = Release
		{12C8C561-2C02-465E-AC49-6D5ADBCB8CD8}.Release|Win32.ActiveCfg = Release
		{12C8C561-2C02-465E-AC49-6D5ADBCB8CD8}.Release|x86.ActiveCfg = Release
		{C9DF6B6A-1DD8-4E0E-A746-9B34344F0C55}.2.0|Any CPU.ActiveCfg = Release|x86
		{C9DF6B6A-1DD8-4E0E-A746-9B34344F0C55}.2.0|Mixed Platforms.ActiveCfg = Release|x86
		{C9DF6B6A-1DD8-4E0E-A746-9B34344F0C55}.2.0|Mixed Platforms.Build.0 = Release|x86
		{C9DF6B6A-1DD8-4E0E-A746-9B34344F0C55}.2.0|Win32.ActiveCfg = Release|x86
		{C9DF6B6A-1DD8-4E0E-A746-9B34344F0C55}.2.0|x86.ActiveCfg = Release|x86
		{C9DF6B6A-1DD8-4E0E-A746-9B34344F0C55}.2.0|x86.Build.0 = Release|x86
		{C9DF6B6A-1DD8-4E0E-A746-9B34344F0C55}.Debug|Any CPU.ActiveCfg = Debug|x86
		{C9DF6B6A-1DD8-4E0E-A746-9B34344F0C55}.Debug|Mixed Platforms.ActiveCfg = Debug|x86
		{C9DF6B6A-1DD8-4E0E-A746-9B34344F0C55}.Debug|Mixed Platforms.Build.0 = Debug|x86
		{C9DF6B6A-1DD8-4E0E-A746-9B34344F0C55}.Debug|Win32.ActiveCfg = Debug|x86
		{C9DF6B6A-1DD8-4E0E-A746-9B34344F0C55}.Debug|x86.ActiveCfg = Debug|x86
		{C9DF6B6A-1DD8-4E0E-A746-9B34344F0C55}.Debug|x86.Build.0 = Debug|x86
		{C9DF6B6A-1DD8-4E0E-A746-9B34344F0C55}.NET35|Any CPU.ActiveCfg = Release|x86
		{C9DF6B6A-1DD8-4E0E-A746-9B34344F0C55}.NET35|Mixed Platforms.ActiveCfg = Release|x86
		{C9DF6B6A-1DD8-4E0E-A746-9B34344F0C55}.NET35|Mixed Platforms.Build.0 = Release|x86
		{C9DF6B6A-1DD8-4E0E-A746-9B34344F0C55}.NET35|Win32.ActiveCfg = Release|x86
		{C9DF6B6A-1DD8-4E0E-A746-9B34344F0C55}.NET35|x86.ActiveCfg = Release|x86
		{C9DF6B6A-1DD8-4E0E-A746-9B34344F0C55}.NET35|x86.Build.0 = Release|x86
		{C9DF6B6A-1DD8-4E0E-A746-9B34344F0C55}.OffLine|Any CPU.ActiveCfg = Release|x86
		{C9DF6B6A-1DD8-4E0E-A746-9B34344F0C55}.OffLine|Mixed Platforms.ActiveCfg = Release|x86
		{C9DF6B6A-1DD8-4E0E-A746-9B34344F0C55}.OffLine|Mixed Platforms.Build.0 = Release|x86
		{C9DF6B6A-1DD8-4E0E-A746-9B34344F0C55}.OffLine|Win32.ActiveCfg = Release|x86
		{C9DF6B6A-1DD8-4E0E-A746-9B34344F0C55}.OffLine|x86.ActiveCfg = Release|x86
		{C9DF6B6A-1DD8-4E0E-A746-9B34344F0C55}.OffLine|x86.Build.0 = Release|x86
		{C9DF6B6A-1DD8-4E0E-A746-9B34344F0C55}.Release|Any CPU.ActiveCfg = Release|x86
		{C9DF6B6A-1DD8-4E0E-A746-9B34344F0C55}.Release|Mixed Platforms.ActiveCfg = Release|x86
		{C9DF6B6A-1DD8-4E0E-A746-9B34344F0C55}.Release|Mixed Platforms.Build.0 = Release|x86
		{C9DF6B6A-1DD8-4E0E-A746-9B34344F0C55}.Release|Win32.ActiveCfg = Release|x86
		{C9DF6B6A-1DD8-4E0E-A746-9B34344F0C55}.Release|x86.ActiveCfg = Release|x86
		{C9DF6B6A-1DD8-4E0E-A746-9B34344F0C55}.Release|x86.Build.0 = Release|x86
		{FF8FFA8D-5A95-4BCE-877D-00DF5076A2F4}.2.0|Any CPU.ActiveCfg = OffLine|Any CPU
		{FF8FFA8D-5A95-4BCE-877D-00DF5076A2F4}.2.0|Mixed Platforms.ActiveCfg = OffLine|Any CPU
		{FF8FFA8D-5A95-4BCE-877D-00DF5076A2F4}.2.0|Mixed Platforms.Build.0 = OffLine|Any CPU
		{FF8FFA8D-5A95-4BCE-877D-00DF5076A2F4}.2.0|Win32.ActiveCfg = OffLine|Any CPU
		{FF8FFA8D-5A95-4BCE-877D-00DF5076A2F4}.2.0|x86.ActiveCfg = OffLine|Any CPU
		{FF8FFA8D-5A95-4BCE-877D-00DF5076A2F4}.Debug|Any CPU.ActiveCfg = Debug|Any CPU
		{FF8FFA8D-5A95-4BCE-877D-00DF5076A2F4}.Debug|Any CPU.Build.0 = Debug|Any CPU
		{FF8FFA8D-5A95-4BCE-877D-00DF5076A2F4}.Debug|Mixed Platforms.ActiveCfg = Debug|Any CPU
		{FF8FFA8D-5A95-4BCE-877D-00DF5076A2F4}.Debug|Mixed Platforms.Build.0 = Debug|Any CPU
		{FF8FFA8D-5A95-4BCE-877D-00DF5076A2F4}.Debug|Win32.ActiveCfg = Debug|Any CPU
		{FF8FFA8D-5A95-4BCE-877D-00DF5076A2F4}.Debug|x86.ActiveCfg = Debug|Any CPU
		{FF8FFA8D-5A95-4BCE-877D-00DF5076A2F4}.NET35|Any CPU.ActiveCfg = NET35|Any CPU
		{FF8FFA8D-5A95-4BCE-877D-00DF5076A2F4}.NET35|Any CPU.Build.0 = NET35|Any CPU
		{FF8FFA8D-5A95-4BCE-877D-00DF5076A2F4}.NET35|Mixed Platforms.ActiveCfg = NET35|Any CPU
		{FF8FFA8D-5A95-4BCE-877D-00DF5076A2F4}.NET35|Mixed Platforms.Build.0 = NET35|Any CPU
		{FF8FFA8D-5A95-4BCE-877D-00DF5076A2F4}.NET35|Win32.ActiveCfg = NET35|Any CPU
		{FF8FFA8D-5A95-4BCE-877D-00DF5076A2F4}.NET35|x86.ActiveCfg = NET35|Any CPU
		{FF8FFA8D-5A95-4BCE-877D-00DF5076A2F4}.OffLine|Any CPU.ActiveCfg = OffLine|Any CPU
		{FF8FFA8D-5A95-4BCE-877D-00DF5076A2F4}.OffLine|Any CPU.Build.0 = OffLine|Any CPU
		{FF8FFA8D-5A95-4BCE-877D-00DF5076A2F4}.OffLine|Mixed Platforms.ActiveCfg = OffLine|Any CPU
		{FF8FFA8D-5A95-4BCE-877D-00DF5076A2F4}.OffLine|Mixed Platforms.Build.0 = OffLine|Any CPU
		{FF8FFA8D-5A95-4BCE-877D-00DF5076A2F4}.OffLine|Win32.ActiveCfg = OffLine|Any CPU
		{FF8FFA8D-5A95-4BCE-877D-00DF5076A2F4}.OffLine|x86.ActiveCfg = OffLine|Any CPU
		{FF8FFA8D-5A95-4BCE-877D-00DF5076A2F4}.Release|Any CPU.ActiveCfg = Release|Any CPU
		{FF8FFA8D-5A95-4BCE-877D-00DF5076A2F4}.Release|Any CPU.Build.0 = Release|Any CPU
		{FF8FFA8D-5A95-4BCE-877D-00DF5076A2F4}.Release|Mixed Platforms.ActiveCfg = Release|Any CPU
		{FF8FFA8D-5A95-4BCE-877D-00DF5076A2F4}.Release|Mixed Platforms.Build.0 = Release|Any CPU
		{FF8FFA8D-5A95-4BCE-877D-00DF5076A2F4}.Release|Win32.ActiveCfg = Release|Any CPU
		{FF8FFA8D-5A95-4BCE-877D-00DF5076A2F4}.Release|x86.ActiveCfg = Release|Any CPU
	EndGlobalSection
	GlobalSection(SolutionProperties) = preSolution
		HideSolutionNode = FALSE
	EndGlobalSection
EndGlobal
