<?xml version="1.0" encoding="utf-8"?>
<Project ToolsVersion="4.0" xmlns="http://schemas.microsoft.com/developer/msbuild/2003">
  <ItemGroup>
    <Filter Include="源文件">
      <UniqueIdentifier>{4FC737F1-C7A5-4376-A066-2A32D752A2FF}</UniqueIdentifier>
      <Extensions>cpp;c;cc;cxx;def;odl;idl;hpj;bat;asm;asmx</Extensions>
    </Filter>
    <Filter Include="头文件">
      <UniqueIdentifier>{93995380-89BD-4b04-88EB-625FBE52EBFB}</UniqueIdentifier>
      <Extensions>h;hpp;hxx;hm;inl;inc;xsd</Extensions>
    </Filter>
    <Filter Include="资源文件">
      <UniqueIdentifier>{67DA6AB6-F800-4c08-8B7A-83BB121AAD01}</UniqueIdentifier>
      <Extensions>rc;ico;cur;bmp;dlg;rc2;rct;bin;rgs;gif;jpg;jpeg;jpe;resx;tiff;tif;png;wav;mfcribbon-ms</Extensions>
    </Filter>
  </ItemGroup>
  <ItemGroup>
    <ClCompile Include="Display.c">
      <Filter>源文件</Filter>
    </ClCompile>
    <ClCompile Include="Init.c">
      <Filter>源文件</Filter>
    </ClCompile>
    <ClCompile Include="Key.c">
      <Filter>源文件</Filter>
    </ClCompile>
    <ClCompile Include="ShouChi.c">
      <Filter>源文件</Filter>
    </ClCompile>
    <ClCompile Include="WirelessProc.c">
      <Filter>源文件</Filter>
    </ClCompile>
    <ClCompile Include="WithPC.c">
      <Filter>源文件</Filter>
    </ClCompile>
    <ClCompile Include="FRAM.c">
      <Filter>源文件</Filter>
    </ClCompile>
    <ClCompile Include="WorkMode_Main.c">
      <Filter>源文件</Filter>
    </ClCompile>
    <ClCompile Include="WorkMode_Analyze.c">
      <Filter>源文件</Filter>
    </ClCompile>
    <ClCompile Include="WorkMode_History.c">
      <Filter>源文件</Filter>
    </ClCompile>
    <ClCompile Include="WorkMode_RealTime.c">
      <Filter>源文件</Filter>
    </ClCompile>
    <ClCompile Include="WorkMode_Setting.c">
      <Filter>源文件</Filter>
    </ClCompile>
    <ClCompile Include="SetMode_Sensor.c">
      <Filter>源文件</Filter>
    </ClCompile>
    <ClCompile Include="SetMode_Sleep.c">
      <Filter>源文件</Filter>
    </ClCompile>
    <ClCompile Include="SetMode_DateTime.c">
      <Filter>源文件</Filter>
    </ClCompile>
    <ClCompile Include="SetMode_ShowGap.c">
      <Filter>源文件</Filter>
    </ClCompile>
  </ItemGroup>
  <ItemGroup>
    <ClInclude Include="FlagDefine.h">
      <Filter>头文件</Filter>
    </ClInclude>
    <ClInclude Include="HardwareProfile.h">
      <Filter>头文件</Filter>
    </ClInclude>
    <ClInclude Include="WirelessProc.h">
      <Filter>头文件</Filter>
    </ClInclude>
    <ClInclude Include="ZiMo.h">
      <Filter>头文件</Filter>
    </ClInclude>
    <ClInclude Include="..\..\WirelessParam\config_470rx.h">
      <Filter>头文件</Filter>
    </ClInclude>
  </ItemGroup>
  <ItemGroup>
    <None Include="ShouChi.mcp">
      <Filter>资源文件</Filter>
    </None>
    <None Include="ShouChi.mcs">
      <Filter>资源文件</Filter>
    </None>
    <None Include="ShouChi.mcw">
      <Filter>资源文件</Filter>
    </None>
    <None Include="Debug\ShouChi.hex">
      <Filter>资源文件</Filter>
    </None>
  </ItemGroup>
</Project>